
Microsoft Visual Studio Solution File, Format Version 12.00
# Visual Studio 2013
VisualStudioVersion = 12.0.40629.0
MinimumVisualStudioVersion = 10.0.40219.1
Project("{FAE04EC0-301F-11D3-BF4B-00C04F79EFBC}") = "RegistationProject", "RegistationProject\RegistationProject.csproj", "{45E62126-3B5D-4B76-8BE2-62A54E788FDA}"
EndProject
Project("{FAE04EC0-301F-11D3-BF4B-00C04F79EFBC}") = "DAL1", "DAL1\DAL1.csproj", "{2775CB6A-15A3-4B98-B080-73242B0BD06D}"
EndProject
Project("{FAE04EC0-301F-11D3-BF4B-00C04F79EFBC}") = "BLL", "BLL\BLL.csproj", "{B4546385-BF35-47D1-9B92-2F5D4CDB15CB}"
EndProject
Global
	GlobalSection(SolutionConfigurationPlatforms) = preSolution
		Debug|Any CPU = Debug|Any CPU
		Release|Any CPU = Release|Any CPU
	EndGlobalSection
	GlobalSection(ProjectConfigurationPlatforms) = postSolution
		{45E62126-3B5D-4B76-8BE2-62A54E788FDA}.Debug|Any CPU.ActiveCfg = Debug|Any CPU
		{45E62126-3B5D-4B76-8BE2-62A54E788FDA}.Debug|Any CPU.Build.0 = Debug|Any CPU
		{45E62126-3B5D-4B76-8BE2-62A54E788FDA}.Release|Any CPU.ActiveCfg = Release|Any CPU
		{45E62126-3B5D-4B76-8BE2-62A54E788FDA}.Release|Any CPU.Build.0 = Release|Any CPU
		{2775CB6A-15A3-4B98-B080-73242B0BD06D}.Debug|Any CPU.ActiveCfg = Debug|Any CPU
		{2775CB6A-15A3-4B98-B080-73242B0BD06D}.Debug|Any CPU.Build.0 = Debug|Any CPU
		{2775CB6A-15A3-4B98-B080-73242B0BD06D}.Release|Any CPU.ActiveCfg = Release|Any CPU
		{2775CB6A-15A3-4B98-B080-73242B0BD06D}.Release|Any CPU.Build.0 = Release|Any CPU
		{B4546385-BF35-47D1-9B92-2F5D4CDB15CB}.Debug|Any CPU.ActiveCfg = Debug|Any CPU
		{B4546385-BF35-47D1-9B92-2F5D4CDB15CB}.Debug|Any CPU.Build.0 = Debug|Any CPU
		{B4546385-BF35-47D1-9B92-2F5D4CDB15CB}.Release|Any CPU.ActiveCfg = Release|Any CPU
		{B4546385-BF35-47D1-9B92-2F5D4CDB15CB}.Release|Any CPU.Build.0 = Release|Any CPU
	EndGlobalSection
	GlobalSection(SolutionProperties) = preSolution
		HideSolutionNode = FALSE
	EndGlobalSection
EndGlobal
